name: Update UV Lock File

on:
  pull_request:
    paths:
      - 'pyproject.toml'

jobs:
  update-lock:
    # Only run on Dependabot PRs
    if: github.actor == 'dependabot[bot]'
    runs-on: ubuntu-latest
    permissions:
      contents: write
      pull-requests: write

    steps:
      - name: Checkout PR
        uses: actions/checkout@v4
        with:
          ref: ${{ github.head_ref }}
          token: ${{ secrets.GITHUB_TOKEN }}

      - name: Set up Python
        uses: actions/setup-python@v5
        with:
          python-version-file: ".python-version"

      - name: Install uv
        uses: astral-sh/setup-uv@v5

      - name: Update uv.lock
        run: |
          uv lock --upgrade

      - name: Check for changes
        id: check_changes
        run: |
          if git diff --quiet uv.lock; then
            echo "changed=false" >> $GITHUB_OUTPUT
          else
            echo "changed=true" >> $GITHUB_OUTPUT
          fi

      - name: Commit and push if changed
        if: steps.check_changes.outputs.changed == 'true'
        run: |
          git config user.name "github-actions[bot]"
          git config user.email "github-actions[bot]@users.noreply.github.com"
          git add uv.lock
          git commit -m "chore: update uv.lock for dependency changes"
          git push
